
Microsoft Visual Studio Solution File, Format Version 12.00
# Visual Studio Version 16
VisualStudioVersion = 16.0.30330.147
MinimumVisualStudioVersion = 10.0.40219.1
Project("{2150E333-8FDC-42A3-9474-1A3956D46DE8}") = "src", "src", "{C6B68CDE-ECD7-4427-A9D1-5F0626D62383}"
EndProject
Project("{9A19103F-16F7-4668-BE54-9A1E7A4F7556}") = "SnAbp.Utils", "src\SnAbp.Utils.csproj", "{3E5F1591-429B-4CFB-A23A-5D574C8EC54F}"
EndProject
Project("{9A19103F-16F7-4668-BE54-9A1E7A4F7556}") = "SnAbp.Utils.Test", "SnAbp.Utils.Test\SnAbp.Utils.Test.csproj", "{8E81778B-5A7A-4F49-B8FC-489B3E33F4FE}"
EndProject
Project("{2150E333-8FDC-42A3-9474-1A3956D46DE8}") = "test", "test", "{30A00824-8497-4075-A00F-4DD8A61C389D}"
EndProject
Global
	GlobalSection(SolutionConfigurationPlatforms) = preSolution
		Debug|Any CPU = Debug|Any CPU
		Release|Any CPU = Release|Any CPU
	EndGlobalSection
	GlobalSection(ProjectConfigurationPlatforms) = postSolution
		{3E5F1591-429B-4CFB-A23A-5D574C8EC54F}.Debug|Any CPU.ActiveCfg = Debug|Any CPU
		{3E5F1591-429B-4CFB-A23A-5D574C8EC54F}.Debug|Any CPU.Build.0 = Debug|Any CPU
		{3E5F1591-429B-4CFB-A23A-5D574C8EC54F}.Release|Any CPU.ActiveCfg = Release|Any CPU
		{3E5F1591-429B-4CFB-A23A-5D574C8EC54F}.Release|Any CPU.Build.0 = Release|Any CPU
		{8E81778B-5A7A-4F49-B8FC-489B3E33F4FE}.Debug|Any CPU.ActiveCfg = Debug|Any CPU
		{8E81778B-5A7A-4F49-B8FC-489B3E33F4FE}.Debug|Any CPU.Build.0 = Debug|Any CPU
		{8E81778B-5A7A-4F49-B8FC-489B3E33F4FE}.Release|Any CPU.ActiveCfg = Release|Any CPU
		{8E81778B-5A7A-4F49-B8FC-489B3E33F4FE}.Release|Any CPU.Build.0 = Release|Any CPU
	EndGlobalSection
	GlobalSection(SolutionProperties) = preSolution
		HideSolutionNode = FALSE
	EndGlobalSection
	GlobalSection(NestedProjects) = preSolution
		{3E5F1591-429B-4CFB-A23A-5D574C8EC54F} = {C6B68CDE-ECD7-4427-A9D1-5F0626D62383}
		{8E81778B-5A7A-4F49-B8FC-489B3E33F4FE} = {30A00824-8497-4075-A00F-4DD8A61C389D}
	EndGlobalSection
	GlobalSection(ExtensibilityGlobals) = postSolution
		SolutionGuid = {8555A3DD-1C3A-4E65-9243-FCA0637BD0EF}
	EndGlobalSection
EndGlobal
